
Microsoft Visual Studio Solution File, Format Version 12.00
# Visual Studio Version 17
VisualStudioVersion = 17.4.33213.308
MinimumVisualStudioVersion = 10.0.40219.1
Project("{8BC9CEB8-8B4A-11D0-8D11-00A0C91BC942}") = "P2_Indexes", "P3_Indexes\P3_Indexes.vcxproj", "{89473F3D-C487-4AB6-834F-EA3026A0566B}"
EndProject
Global
	GlobalSection(SolutionConfigurationPlatforms) = preSolution
		Debug|x64 = Debug|x64
		Release|x64 = Release|x64
	EndGlobalSection
	GlobalSection(ProjectConfigurationPlatforms) = postSolution
		{89473F3D-C487-4AB6-834F-EA3026A0566B}.Debug|x64.ActiveCfg = Debug|x64
		{89473F3D-C487-4AB6-834F-EA3026A0566B}.Debug|x64.Build.0 = Debug|x64
		{89473F3D-C487-4AB6-834F-EA3026A0566B}.Release|x64.ActiveCfg = Release|x64
		{89473F3D-C487-4AB6-834F-EA3026A0566B}.Release|x64.Build.0 = Release|x64
	EndGlobalSection
	GlobalSection(SolutionProperties) = preSolution
		HideSolutionNode = FALSE
	EndGlobalSection
	GlobalSection(ExtensibilityGlobals) = postSolution
		SolutionGuid = {F01EE856-D77E-43C8-8B46-9EA0A8B91168}
	EndGlobalSection
EndGlobal
